
Microsoft Visual Studio Solution File, Format Version 12.00
# Visual Studio Version 16
VisualStudioVersion = 16.0.30011.22
MinimumVisualStudioVersion = 10.0.40219.1
Project("{9A19103F-16F7-4668-BE54-9A1E7A4F7556}") = "AuthService", "AuthService.csproj", "{63F5CDAF-0675-41E3-BABB-66392C170CE1}"
EndProject
Global
	GlobalSection(SolutionConfigurationPlatforms) = preSolution
		Debug|Any CPU = Debug|Any CPU
		Release|Any CPU = Release|Any CPU
	EndGlobalSection
	GlobalSection(ProjectConfigurationPlatforms) = postSolution
		{63F5CDAF-0675-41E3-BABB-66392C170CE1}.Debug|Any CPU.ActiveCfg = Debug|Any CPU
		{63F5CDAF-0675-41E3-BABB-66392C170CE1}.Debug|Any CPU.Build.0 = Debug|Any CPU
		{63F5CDAF-0675-41E3-BABB-66392C170CE1}.Release|Any CPU.ActiveCfg = Release|Any CPU
		{63F5CDAF-0675-41E3-BABB-66392C170CE1}.Release|Any CPU.Build.0 = Release|Any CPU
	EndGlobalSection
	GlobalSection(SolutionProperties) = preSolution
		HideSolutionNode = FALSE
	EndGlobalSection
	GlobalSection(ExtensibilityGlobals) = postSolution
		SolutionGuid = {1F5EEC22-D80B-4964-A4C3-7A83A2D08BD8}
	EndGlobalSection
EndGlobal
